
Microsoft Visual Studio Solution File, Format Version 12.00
# Visual Studio 15
VisualStudioVersion = 15.0.27703.2000
MinimumVisualStudioVersion = 10.0.40219.1
Project("{FAE04EC0-301F-11D3-BF4B-00C04F79EFBC}") = "DivisasTrain2.Android", "DivisasTrain2\DivisasTrain2.Android\DivisasTrain2.Android.csproj", "{9C364011-1201-41C3-B199-F38ADAEE66BC}"
EndProject
Project("{FAE04EC0-301F-11D3-BF4B-00C04F79EFBC}") = "DivisasTrain2.iOS", "DivisasTrain2\DivisasTrain2.iOS\DivisasTrain2.iOS.csproj", "{6AC419E0-A646-4C3F-8769-DA4E5F502AD2}"
EndProject
Project("{FAE04EC0-301F-11D3-BF4B-00C04F79EFBC}") = "DivisasTrain2.UWP", "DivisasTrain2\DivisasTrain2.UWP\DivisasTrain2.UWP.csproj", "{0553C0ED-BA7D-4970-8581-C73AB6A269A9}"
EndProject
Project("{FAE04EC0-301F-11D3-BF4B-00C04F79EFBC}") = "DivisasTrain2", "DivisasTrain2\DivisasTrain2\DivisasTrain2.csproj", "{4B803C46-8F2D-40FF-AAEE-E4D293884718}"
EndProject
Global
	GlobalSection(SolutionConfigurationPlatforms) = preSolution
		Ad-Hoc|Any CPU = Ad-Hoc|Any CPU
		Ad-Hoc|ARM = Ad-Hoc|ARM
		Ad-Hoc|iPhone = Ad-Hoc|iPhone
		Ad-Hoc|iPhoneSimulator = Ad-Hoc|iPhoneSimulator
		Ad-Hoc|x64 = Ad-Hoc|x64
		Ad-Hoc|x86 = Ad-Hoc|x86
		AppStore|Any CPU = AppStore|Any CPU
		AppStore|ARM = AppStore|ARM
		AppStore|iPhone = AppStore|iPhone
		AppStore|iPhoneSimulator = AppStore|iPhoneSimulator
		AppStore|x64 = AppStore|x64
		AppStore|x86 = AppStore|x86
		Debug|Any CPU = Debug|Any CPU
		Debug|ARM = Debug|ARM
		Debug|iPhone = Debug|iPhone
		Debug|iPhoneSimulator = Debug|iPhoneSimulator
		Debug|x64 = Debug|x64
		Debug|x86 = Debug|x86
		Release|Any CPU = Release|Any CPU
		Release|ARM = Release|ARM
		Release|iPhone = Release|iPhone
		Release|iPhoneSimulator = Release|iPhoneSimulator
		Release|x64 = Release|x64
		Release|x86 = Release|x86
	EndGlobalSection
	GlobalSection(ProjectConfigurationPlatforms) = postSolution
		{9C364011-1201-41C3-B199-F38ADAEE66BC}.Ad-Hoc|Any CPU.ActiveCfg = Release|Any CPU
		{9C364011-1201-41C3-B199-F38ADAEE66BC}.Ad-Hoc|Any CPU.Build.0 = Release|Any CPU
		{9C364011-1201-41C3-B199-F38ADAEE66BC}.Ad-Hoc|Any CPU.Deploy.0 = Release|Any CPU
		{9C364011-1201-41C3-B199-F38ADAEE66BC}.Ad-Hoc|ARM.ActiveCfg = Release|Any CPU
		{9C364011-1201-41C3-B199-F38ADAEE66BC}.Ad-Hoc|ARM.Build.0 = Release|Any CPU
		{9C364011-1201-41C3-B199-F38ADAEE66BC}.Ad-Hoc|ARM.Deploy.0 = Release|Any CPU
		{9C364011-1201-41C3-B199-F38ADAEE66BC}.Ad-Hoc|iPhone.ActiveCfg = Release|Any CPU
		{9C364011-1201-41C3-B199-F38ADAEE66BC}.Ad-Hoc|iPhone.Build.0 = Release|Any CPU
		{9C364011-1201-41C3-B199-F38ADAEE66BC}.Ad-Hoc|iPhone.Deploy.0 = Release|Any CPU
		{9C364011-1201-41C3-B199-F38ADAEE66BC}.Ad-Hoc|iPhoneSimulator.ActiveCfg = Release|Any CPU
		{9C364011-1201-41C3-B199-F38ADAEE66BC}.Ad-Hoc|iPhoneSimulator.Build.0 = Release|Any CPU
		{9C364011-1201-41C3-B199-F38ADAEE66BC}.Ad-Hoc|iPhoneSimulator.Deploy.0 = Release|Any CPU
		{9C364011-1201-41C3-B199-F38ADAEE66BC}.Ad-Hoc|x64.ActiveCfg = Release|Any CPU
		{9C364011-1201-41C3-B199-F38ADAEE66BC}.Ad-Hoc|x64.Build.0 = Release|Any CPU
		{9C364011-1201-41C3-B199-F38ADAEE66BC}.Ad-Hoc|x64.Deploy.0 = Release|Any CPU
		{9C364011-1201-41C3-B199-F38ADAEE66BC}.Ad-Hoc|x86.ActiveCfg = Release|Any CPU
		{9C364011-1201-41C3-B199-F38ADAEE66BC}.Ad-Hoc|x86.Build.0 = Release|Any CPU
		{9C364011-1201-41C3-B199-F38ADAEE66BC}.Ad-Hoc|x86.Deploy.0 = Release|Any CPU
		{9C364011-1201-41C3-B199-F38ADAEE66BC}.AppStore|Any CPU.ActiveCfg = Release|Any CPU
		{9C364011-1201-41C3-B199-F38ADAEE66BC}.AppStore|Any CPU.Build.0 = Release|Any CPU
		{9C364011-1201-41C3-B199-F38ADAEE66BC}.AppStore|Any CPU.Deploy.0 = Release|Any CPU
		{9C364011-1201-41C3-B199-F38ADAEE66BC}.AppStore|ARM.ActiveCfg = Release|Any CPU
		{9C364011-1201-41C3-B199-F38ADAEE66BC}.AppStore|ARM.Build.0 = Release|Any CPU
		{9C364011-1201-41C3-B199-F38ADAEE66BC}.AppStore|ARM.Deploy.0 = Release|Any CPU
		{9C364011-1201-41C3-B199-F38ADAEE66BC}.AppStore|iPhone.ActiveCfg = Release|Any CPU
		{9C364011-1201-41C3-B199-F38ADAEE66BC}.AppStore|iPhone.Build.0 = Release|Any CPU
		{9C364011-1201-41C3-B199-F38ADAEE66BC}.AppStore|iPhone.Deploy.0 = Release|Any CPU
		{9C364011-1201-41C3-B199-F38ADAEE66BC}.AppStore|iPhoneSimulator.ActiveCfg = Release|Any CPU
		{9C364011-1201-41C3-B199-F38ADAEE66BC}.AppStore|iPhoneSimulator.Build.0 = Release|Any CPU
		{9C364011-1201-41C3-B199-F38ADAEE66BC}.AppStore|iPhoneSimulator.Deploy.0 = Release|Any CPU
		{9C364011-1201-41C3-B199-F38ADAEE66BC}.AppStore|x64.ActiveCfg = Release|Any CPU
		{9C364011-1201-41C3-B199-F38ADAEE66BC}.AppStore|x64.Build.0 = Release|Any CPU
		{9C364011-1201-41C3-B199-F38ADAEE66BC}.AppStore|x64.Deploy.0 = Release|Any CPU
		{9C364011-1201-41C3-B199-F38ADAEE66BC}.AppStore|x86.ActiveCfg = Release|Any CPU
		{9C364011-1201-41C3-B199-F38ADAEE66BC}.AppStore|x86.Build.0 = Release|Any CPU
		{9C364011-1201-41C3-B199-F38ADAEE66BC}.AppStore|x86.Deploy.0 = Release|Any CPU
		{9C364011-1201-41C3-B199-F38ADAEE66BC}.Debug|Any CPU.ActiveCfg = Debug|Any CPU
		{9C364011-1201-41C3-B199-F38ADAEE66BC}.Debug|Any CPU.Build.0 = Debug|Any CPU
		{9C364011-1201-41C3-B199-F38ADAEE66BC}.Debug|Any CPU.Deploy.0 = Debug|Any CPU
		{9C364011-1201-41C3-B199-F38ADAEE66BC}.Debug|ARM.ActiveCfg = Debug|Any CPU
		{9C364011-1201-41C3-B199-F38ADAEE66BC}.Debug|ARM.Build.0 = Debug|Any CPU
		{9C364011-1201-41C3-B199-F38ADAEE66BC}.Debug|ARM.Deploy.0 = Debug|Any CPU
		{9C364011-1201-41C3-B199-F38ADAEE66BC}.Debug|iPhone.ActiveCfg = Debug|Any CPU
		{9C364011-1201-41C3-B199-F38ADAEE66BC}.Debug|iPhone.Build.0 = Debug|Any CPU
		{9C364011-1201-41C3-B199-F38ADAEE66BC}.Debug|iPhone.Deploy.0 = Debug|Any CPU
		{9C364011-1201-41C3-B199-F38ADAEE66BC}.Debug|iPhoneSimulator.ActiveCfg = Debug|Any CPU
		{9C364011-1201-41C3-B199-F38ADAEE66BC}.Debug|iPhoneSimulator.Build.0 = Debug|Any CPU
		{9C364011-1201-41C3-B199-F38ADAEE66BC}.Debug|iPhoneSimulator.Deploy.0 = Debug|Any CPU
		{9C364011-1201-41C3-B199-F38ADAEE66BC}.Debug|x64.ActiveCfg = Debug|Any CPU
		{9C364011-1201-41C3-B199-F38ADAEE66BC}.Debug|x64.Build.0 = Debug|Any CPU
		{9C364011-1201-41C3-B199-F38ADAEE66BC}.Debug|x64.Deploy.0 = Debug|Any CPU
		{9C364011-1201-41C3-B199-F38ADAEE66BC}.Debug|x86.ActiveCfg = Debug|Any CPU
		{9C364011-1201-41C3-B199-F38ADAEE66BC}.Debug|x86.Build.0 = Debug|Any CPU
		{9C364011-1201-41C3-B199-F38ADAEE66BC}.Debug|x86.Deploy.0 = Debug|Any CPU
		{9C364011-1201-41C3-B199-F38ADAEE66BC}.Release|Any CPU.ActiveCfg = Release|Any CPU
		{9C364011-1201-41C3-B199-F38ADAEE66BC}.Release|Any CPU.Build.0 = Release|Any CPU
		{9C364011-1201-41C3-B199-F38ADAEE66BC}.Release|Any CPU.Deploy.0 = Release|Any CPU
		{9C364011-1201-41C3-B199-F38ADAEE66BC}.Release|ARM.ActiveCfg = Release|Any CPU
		{9C364011-1201-41C3-B199-F38ADAEE66BC}.Release|ARM.Build.0 = Release|Any CPU
		{9C364011-1201-41C3-B199-F38ADAEE66BC}.Release|ARM.Deploy.0 = Release|Any CPU
		{9C364011-1201-41C3-B199-F38ADAEE66BC}.Release|iPhone.ActiveCfg = Release|Any CPU
		{9C364011-1201-41C3-B199-F38ADAEE66BC}.Release|iPhone.Build.0 = Release|Any CPU
		{9C364011-1201-41C3-B199-F38ADAEE66BC}.Release|iPhone.Deploy.0 = Release|Any CPU
		{9C364011-1201-41C3-B199-F38ADAEE66BC}.Release|iPhoneSimulator.ActiveCfg = Release|Any CPU
		{9C364011-1201-41C3-B199-F38ADAEE66BC}.Release|iPhoneSimulator.Build.0 = Release|Any CPU
		{9C364011-1201-41C3-B199-F38ADAEE66BC}.Release|iPhoneSimulator.Deploy.0 = Release|Any CPU
		{9C364011-1201-41C3-B199-F38ADAEE66BC}.Release|x64.ActiveCfg = Release|Any CPU
		{9C364011-1201-41C3-B199-F38ADAEE66BC}.Release|x64.Build.0 = Release|Any CPU
		{9C364011-1201-41C3-B199-F38ADAEE66BC}.Release|x64.Deploy.0 = Release|Any CPU
		{9C364011-1201-41C3-B199-F38ADAEE66BC}.Release|x86.ActiveCfg = Release|Any CPU
		{9C364011-1201-41C3-B199-F38ADAEE66BC}.Release|x86.Build.0 = Release|Any CPU
		{9C364011-1201-41C3-B199-F38ADAEE66BC}.Release|x86.Deploy.0 = Release|Any CPU
		{6AC419E0-A646-4C3F-8769-DA4E5F502AD2}.Ad-Hoc|Any CPU.ActiveCfg = Ad-Hoc|iPhone
		{6AC419E0-A646-4C3F-8769-DA4E5F502AD2}.Ad-Hoc|Any CPU.Build.0 = Ad-Hoc|iPhone
		{6AC419E0-A646-4C3F-8769-DA4E5F502AD2}.Ad-Hoc|Any CPU.Deploy.0 = Ad-Hoc|iPhone
		{6AC419E0-A646-4C3F-8769-DA4E5F502AD2}.Ad-Hoc|ARM.ActiveCfg = Ad-Hoc|iPhone
		{6AC419E0-A646-4C3F-8769-DA4E5F502AD2}.Ad-Hoc|ARM.Build.0 = Ad-Hoc|iPhone
		{6AC419E0-A646-4C3F-8769-DA4E5F502AD2}.Ad-Hoc|ARM.Deploy.0 = Ad-Hoc|iPhone
		{6AC419E0-A646-4C3F-8769-DA4E5F502AD2}.Ad-Hoc|iPhone.ActiveCfg = Ad-Hoc|iPhone
		{6AC419E0-A646-4C3F-8769-DA4E5F502AD2}.Ad-Hoc|iPhone.Build.0 = Ad-Hoc|iPhone
		{6AC419E0-A646-4C3F-8769-DA4E5F502AD2}.Ad-Hoc|iPhone.Deploy.0 = Ad-Hoc|iPhone
		{6AC419E0-A646-4C3F-8769-DA4E5F502AD2}.Ad-Hoc|iPhoneSimulator.ActiveCfg = Ad-Hoc|iPhoneSimulator
		{6AC419E0-A646-4C3F-8769-DA4E5F502AD2}.Ad-Hoc|iPhoneSimulator.Build.0 = Ad-Hoc|iPhoneSimulator
		{6AC419E0-A646-4C3F-8769-DA4E5F502AD2}.Ad-Hoc|iPhoneSimulator.Deploy.0 = Ad-Hoc|iPhoneSimulator
		{6AC419E0-A646-4C3F-8769-DA4E5F502AD2}.Ad-Hoc|x64.ActiveCfg = Ad-Hoc|iPhone
		{6AC419E0-A646-4C3F-8769-DA4E5F502AD2}.Ad-Hoc|x64.Build.0 = Ad-Hoc|iPhone
		{6AC419E0-A646-4C3F-8769-DA4E5F502AD2}.Ad-Hoc|x64.Deploy.0 = Ad-Hoc|iPhone
		{6AC419E0-A646-4C3F-8769-DA4E5F502AD2}.Ad-Hoc|x86.ActiveCfg = Ad-Hoc|iPhone
		{6AC419E0-A646-4C3F-8769-DA4E5F502AD2}.Ad-Hoc|x86.Build.0 = Ad-Hoc|iPhone
		{6AC419E0-A646-4C3F-8769-DA4E5F502AD2}.Ad-Hoc|x86.Deploy.0 = Ad-Hoc|iPhone
		{6AC419E0-A646-4C3F-8769-DA4E5F502AD2}.AppStore|Any CPU.ActiveCfg = AppStore|iPhone
		{6AC419E0-A646-4C3F-8769-DA4E5F502AD2}.AppStore|Any CPU.Build.0 = AppStore|iPhone
		{6AC419E0-A646-4C3F-8769-DA4E5F502AD2}.AppStore|Any CPU.Deploy.0 = AppStore|iPhone
		{6AC419E0-A646-4C3F-8769-DA4E5F502AD2}.AppStore|ARM.ActiveCfg = AppStore|iPhone
		{6AC419E0-A646-4C3F-8769-DA4E5F502AD2}.AppStore|ARM.Build.0 = AppStore|iPhone
		{6AC419E0-A646-4C3F-8769-DA4E5F502AD2}.AppStore|ARM.Deploy.0 = AppStore|iPhone
		{6AC419E0-A646-4C3F-8769-DA4E5F502AD2}.AppStore|iPhone.ActiveCfg = AppStore|iPhone
		{6AC419E0-A646-4C3F-8769-DA4E5F502AD2}.AppStore|iPhone.Build.0 = AppStore|iPhone
		{6AC419E0-A646-4C3F-8769-DA4E5F502AD2}.AppStore|iPhone.Deploy.0 = AppStore|iPhone
		{6AC419E0-A646-4C3F-8769-DA4E5F502AD2}.AppStore|iPhoneSimulator.ActiveCfg = AppStore|iPhoneSimulator
		{6AC419E0-A646-4C3F-8769-DA4E5F502AD2}.AppStore|iPhoneSimulator.Build.0 = AppStore|iPhoneSimulator
		{6AC419E0-A646-4C3F-8769-DA4E5F502AD2}.AppStore|iPhoneSimulator.Deploy.0 = AppStore|iPhoneSimulator
		{6AC419E0-A646-4C3F-8769-DA4E5F502AD2}.AppStore|x64.ActiveCfg = AppStore|iPhone
		{6AC419E0-A646-4C3F-8769-DA4E5F502AD2}.AppStore|x64.Build.0 = AppStore|iPhone
		{6AC419E0-A646-4C3F-8769-DA4E5F502AD2}.AppStore|x64.Deploy.0 = AppStore|iPhone
		{6AC419E0-A646-4C3F-8769-DA4E5F502AD2}.AppStore|x86.ActiveCfg = AppStore|iPhone
		{6AC419E0-A646-4C3F-8769-DA4E5F502AD2}.AppStore|x86.Build.0 = AppStore|iPhone
		{6AC419E0-A646-4C3F-8769-DA4E5F502AD2}.AppStore|x86.Deploy.0 = AppStore|iPhone
		{6AC419E0-A646-4C3F-8769-DA4E5F502AD2}.Debug|Any CPU.ActiveCfg = Debug|iPhoneSimulator
		{6AC419E0-A646-4C3F-8769-DA4E5F502AD2}.Debug|Any CPU.Build.0 = Debug|iPhoneSimulator
		{6AC419E0-A646-4C3F-8769-DA4E5F502AD2}.Debug|Any CPU.Deploy.0 = Debug|iPhoneSimulator
		{6AC419E0-A646-4C3F-8769-DA4E5F502AD2}.Debug|ARM.ActiveCfg = Debug|iPhone
		{6AC419E0-A646-4C3F-8769-DA4E5F502AD2}.Debug|ARM.Build.0 = Debug|iPhone
		{6AC419E0-A646-4C3F-8769-DA4E5F502AD2}.Debug|ARM.Deploy.0 = Debug|iPhone
		{6AC419E0-A646-4C3F-8769-DA4E5F502AD2}.Debug|iPhone.ActiveCfg = Debug|iPhone
		{6AC419E0-A646-4C3F-8769-DA4E5F502AD2}.Debug|iPhone.Build.0 = Debug|iPhone
		{6AC419E0-A646-4C3F-8769-DA4E5F502AD2}.Debug|iPhone.Deploy.0 = Debug|iPhone
		{6AC419E0-A646-4C3F-8769-DA4E5F502AD2}.Debug|iPhoneSimulator.ActiveCfg = Debug|iPhoneSimulator
		{6AC419E0-A646-4C3F-8769-DA4E5F502AD2}.Debug|iPhoneSimulator.Build.0 = Debug|iPhoneSimulator
		{6AC419E0-A646-4C3F-8769-DA4E5F502AD2}.Debug|iPhoneSimulator.Deploy.0 = Debug|iPhoneSimulator
		{6AC419E0-A646-4C3F-8769-DA4E5F502AD2}.Debug|x64.ActiveCfg = Debug|iPhone
		{6AC419E0-A646-4C3F-8769-DA4E5F502AD2}.Debug|x64.Build.0 = Debug|iPhone
		{6AC419E0-A646-4C3F-8769-DA4E5F502AD2}.Debug|x64.Deploy.0 = Debug|iPhone
		{6AC419E0-A646-4C3F-8769-DA4E5F502AD2}.Debug|x86.ActiveCfg = Debug|iPhone
		{6AC419E0-A646-4C3F-8769-DA4E5F502AD2}.Debug|x86.Build.0 = Debug|iPhone
		{6AC419E0-A646-4C3F-8769-DA4E5F502AD2}.Debug|x86.Deploy.0 = Debug|iPhone
		{6AC419E0-A646-4C3F-8769-DA4E5F502AD2}.Release|Any CPU.ActiveCfg = Release|iPhone
		{6AC419E0-A646-4C3F-8769-DA4E5F502AD2}.Release|Any CPU.Build.0 = Release|iPhone
		{6AC419E0-A646-4C3F-8769-DA4E5F502AD2}.Release|Any CPU.Deploy.0 = Release|iPhone
		{6AC419E0-A646-4C3F-8769-DA4E5F502AD2}.Release|ARM.ActiveCfg = Release|iPhone
		{6AC419E0-A646-4C3F-8769-DA4E5F502AD2}.Release|ARM.Build.0 = Release|iPhone
		{6AC419E0-A646-4C3F-8769-DA4E5F502AD2}.Release|ARM.Deploy.0 = Release|iPhone
		{6AC419E0-A646-4C3F-8769-DA4E5F502AD2}.Release|iPhone.ActiveCfg = Release|iPhone
		{6AC419E0-A646-4C3F-8769-DA4E5F502AD2}.Release|iPhone.Build.0 = Release|iPhone
		{6AC419E0-A646-4C3F-8769-DA4E5F502AD2}.Release|iPhone.Deploy.0 = Release|iPhone
		{6AC419E0-A646-4C3F-8769-DA4E5F502AD2}.Release|iPhoneSimulator.ActiveCfg = Release|iPhoneSimulator
		{6AC419E0-A646-4C3F-8769-DA4E5F502AD2}.Release|iPhoneSimulator.Build.0 = Release|iPhoneSimulator
		{6AC419E0-A646-4C3F-8769-DA4E5F502AD2}.Release|iPhoneSimulator.Deploy.0 = Release|iPhoneSimulator
		{6AC419E0-A646-4C3F-8769-DA4E5F502AD2}.Release|x64.ActiveCfg = Release|iPhone
		{6AC419E0-A646-4C3F-8769-DA4E5F502AD2}.Release|x64.Build.0 = Release|iPhone
		{6AC419E0-A646-4C3F-8769-DA4E5F502AD2}.Release|x64.Deploy.0 = Release|iPhone
		{6AC419E0-A646-4C3F-8769-DA4E5F502AD2}.Release|x86.ActiveCfg = Release|iPhone
		{6AC419E0-A646-4C3F-8769-DA4E5F502AD2}.Release|x86.Build.0 = Release|iPhone
		{6AC419E0-A646-4C3F-8769-DA4E5F502AD2}.Release|x86.Deploy.0 = Release|iPhone
		{0553C0ED-BA7D-4970-8581-C73AB6A269A9}.Ad-Hoc|Any CPU.ActiveCfg = Release|x86
		{0553C0ED-BA7D-4970-8581-C73AB6A269A9}.Ad-Hoc|Any CPU.Build.0 = Release|x86
		{0553C0ED-BA7D-4970-8581-C73AB6A269A9}.Ad-Hoc|Any CPU.Deploy.0 = Release|x86
		{0553C0ED-BA7D-4970-8581-C73AB6A269A9}.Ad-Hoc|ARM.ActiveCfg = Release|ARM
		{0553C0ED-BA7D-4970-8581-C73AB6A269A9}.Ad-Hoc|ARM.Build.0 = Release|ARM
		{0553C0ED-BA7D-4970-8581-C73AB6A269A9}.Ad-Hoc|ARM.Deploy.0 = Release|ARM
		{0553C0ED-BA7D-4970-8581-C73AB6A269A9}.Ad-Hoc|iPhone.ActiveCfg = Release|x86
		{0553C0ED-BA7D-4970-8581-C73AB6A269A9}.Ad-Hoc|iPhone.Build.0 = Release|x86
		{0553C0ED-BA7D-4970-8581-C73AB6A269A9}.Ad-Hoc|iPhone.Deploy.0 = Release|x86
		{0553C0ED-BA7D-4970-8581-C73AB6A269A9}.Ad-Hoc|iPhoneSimulator.ActiveCfg = Release|x86
		{0553C0ED-BA7D-4970-8581-C73AB6A269A9}.Ad-Hoc|iPhoneSimulator.Build.0 = Release|x86
		{0553C0ED-BA7D-4970-8581-C73AB6A269A9}.Ad-Hoc|iPhoneSimulator.Deploy.0 = Release|x86
		{0553C0ED-BA7D-4970-8581-C73AB6A269A9}.Ad-Hoc|x64.ActiveCfg = Release|x64
		{0553C0ED-BA7D-4970-8581-C73AB6A269A9}.Ad-Hoc|x64.Build.0 = Release|x64
		{0553C0ED-BA7D-4970-8581-C73AB6A269A9}.Ad-Hoc|x64.Deploy.0 = Release|x64
		{0553C0ED-BA7D-4970-8581-C73AB6A269A9}.Ad-Hoc|x86.ActiveCfg = Release|x86
		{0553C0ED-BA7D-4970-8581-C73AB6A269A9}.Ad-Hoc|x86.Build.0 = Release|x86
		{0553C0ED-BA7D-4970-8581-C73AB6A269A9}.Ad-Hoc|x86.Deploy.0 = Release|x86
		{0553C0ED-BA7D-4970-8581-C73AB6A269A9}.AppStore|Any CPU.ActiveCfg = Release|x86
		{0553C0ED-BA7D-4970-8581-C73AB6A269A9}.AppStore|Any CPU.Build.0 = Release|x86
		{0553C0ED-BA7D-4970-8581-C73AB6A269A9}.AppStore|Any CPU.Deploy.0 = Release|x86
		{0553C0ED-BA7D-4970-8581-C73AB6A269A9}.AppStore|ARM.ActiveCfg = Release|ARM
		{0553C0ED-BA7D-4970-8581-C73AB6A269A9}.AppStore|ARM.Build.0 = Release|ARM
		{0553C0ED-BA7D-4970-8581-C73AB6A269A9}.AppStore|ARM.Deploy.0 = Release|ARM
		{0553C0ED-BA7D-4970-8581-C73AB6A269A9}.AppStore|iPhone.ActiveCfg = Release|x86
		{0553C0ED-BA7D-4970-8581-C73AB6A269A9}.AppStore|iPhone.Build.0 = Release|x86
		{0553C0ED-BA7D-4970-8581-C73AB6A269A9}.AppStore|iPhone.Deploy.0 = Release|x86
		{0553C0ED-BA7D-4970-8581-C73AB6A269A9}.AppStore|iPhoneSimulator.ActiveCfg = Release|x86
		{0553C0ED-BA7D-4970-8581-C73AB6A269A9}.AppStore|iPhoneSimulator.Build.0 = Release|x86
		{0553C0ED-BA7D-4970-8581-C73AB6A269A9}.AppStore|iPhoneSimulator.Deploy.0 = Release|x86
		{0553C0ED-BA7D-4970-8581-C73AB6A269A9}.AppStore|x64.ActiveCfg = Release|x64
		{0553C0ED-BA7D-4970-8581-C73AB6A269A9}.AppStore|x64.Build.0 = Release|x64
		{0553C0ED-BA7D-4970-8581-C73AB6A269A9}.AppStore|x64.Deploy.0 = Release|x64
		{0553C0ED-BA7D-4970-8581-C73AB6A269A9}.AppStore|x86.ActiveCfg = Release|x86
		{0553C0ED-BA7D-4970-8581-C73AB6A269A9}.AppStore|x86.Build.0 = Release|x86
		{0553C0ED-BA7D-4970-8581-C73AB6A269A9}.AppStore|x86.Deploy.0 = Release|x86
		{0553C0ED-BA7D-4970-8581-C73AB6A269A9}.Debug|Any CPU.ActiveCfg = Debug|x86
		{0553C0ED-BA7D-4970-8581-C73AB6A269A9}.Debug|Any CPU.Build.0 = Debug|x86
		{0553C0ED-BA7D-4970-8581-C73AB6A269A9}.Debug|Any CPU.Deploy.0 = Debug|x86
		{0553C0ED-BA7D-4970-8581-C73AB6A269A9}.Debug|ARM.ActiveCfg = Debug|ARM
		{0553C0ED-BA7D-4970-8581-C73AB6A269A9}.Debug|ARM.Build.0 = Debug|ARM
		{0553C0ED-BA7D-4970-8581-C73AB6A269A9}.Debug|ARM.Deploy.0 = Debug|ARM
		{0553C0ED-BA7D-4970-8581-C73AB6A269A9}.Debug|iPhone.ActiveCfg = Debug|x86
		{0553C0ED-BA7D-4970-8581-C73AB6A269A9}.Debug|iPhone.Build.0 = Debug|x86
		{0553C0ED-BA7D-4970-8581-C73AB6A269A9}.Debug|iPhone.Deploy.0 = Debug|x86
		{0553C0ED-BA7D-4970-8581-C73AB6A269A9}.Debug|iPhoneSimulator.ActiveCfg = Debug|x86
		{0553C0ED-BA7D-4970-8581-C73AB6A269A9}.Debug|iPhoneSimulator.Build.0 = Debug|x86
		{0553C0ED-BA7D-4970-8581-C73AB6A269A9}.Debug|iPhoneSimulator.Deploy.0 = Debug|x86
		{0553C0ED-BA7D-4970-8581-C73AB6A269A9}.Debug|x64.ActiveCfg = Debug|x64
		{0553C0ED-BA7D-4970-8581-C73AB6A269A9}.Debug|x64.Build.0 = Debug|x64
		{0553C0ED-BA7D-4970-8581-C73AB6A269A9}.Debug|x64.Deploy.0 = Debug|x64
		{0553C0ED-BA7D-4970-8581-C73AB6A269A9}.Debug|x86.ActiveCfg = Debug|x86
		{0553C0ED-BA7D-4970-8581-C73AB6A269A9}.Debug|x86.Build.0 = Debug|x86
		{0553C0ED-BA7D-4970-8581-C73AB6A269A9}.Debug|x86.Deploy.0 = Debug|x86
		{0553C0ED-BA7D-4970-8581-C73AB6A269A9}.Release|Any CPU.ActiveCfg = Release|x86
		{0553C0ED-BA7D-4970-8581-C73AB6A269A9}.Release|Any CPU.Build.0 = Release|x86
		{0553C0ED-BA7D-4970-8581-C73AB6A269A9}.Release|Any CPU.Deploy.0 = Release|x86
		{0553C0ED-BA7D-4970-8581-C73AB6A269A9}.Release|ARM.ActiveCfg = Release|ARM
		{0553C0ED-BA7D-4970-8581-C73AB6A269A9}.Release|ARM.Build.0 = Release|ARM
		{0553C0ED-BA7D-4970-8581-C73AB6A269A9}.Release|ARM.Deploy.0 = Release|ARM
		{0553C0ED-BA7D-4970-8581-C73AB6A269A9}.Release|iPhone.ActiveCfg = Release|x86
		{0553C0ED-BA7D-4970-8581-C73AB6A269A9}.Release|iPhone.Build.0 = Release|x86
		{0553C0ED-BA7D-4970-8581-C73AB6A269A9}.Release|iPhone.Deploy.0 = Release|x86
		{0553C0ED-BA7D-4970-8581-C73AB6A269A9}.Release|iPhoneSimulator.ActiveCfg = Release|x86
		{0553C0ED-BA7D-4970-8581-C73AB6A269A9}.Release|iPhoneSimulator.Build.0 = Release|x86
		{0553C0ED-BA7D-4970-8581-C73AB6A269A9}.Release|iPhoneSimulator.Deploy.0 = Release|x86
		{0553C0ED-BA7D-4970-8581-C73AB6A269A9}.Release|x64.ActiveCfg = Release|x64
		{0553C0ED-BA7D-4970-8581-C73AB6A269A9}.Release|x64.Build.0 = Release|x64
		{0553C0ED-BA7D-4970-8581-C73AB6A269A9}.Release|x64.Deploy.0 = Release|x64
		{0553C0ED-BA7D-4970-8581-C73AB6A269A9}.Release|x86.ActiveCfg = Release|x86
		{0553C0ED-BA7D-4970-8581-C73AB6A269A9}.Release|x86.Build.0 = Release|x86
		{0553C0ED-BA7D-4970-8581-C73AB6A269A9}.Release|x86.Deploy.0 = Release|x86
		{4B803C46-8F2D-40FF-AAEE-E4D293884718}.Ad-Hoc|Any CPU.ActiveCfg = Debug|Any CPU
		{4B803C46-8F2D-40FF-AAEE-E4D293884718}.Ad-Hoc|Any CPU.Build.0 = Debug|Any CPU
		{4B803C46-8F2D-40FF-AAEE-E4D293884718}.Ad-Hoc|Any CPU.Deploy.0 = Debug|Any CPU
		{4B803C46-8F2D-40FF-AAEE-E4D293884718}.Ad-Hoc|ARM.ActiveCfg = Debug|Any CPU
		{4B803C46-8F2D-40FF-AAEE-E4D293884718}.Ad-Hoc|ARM.Build.0 = Debug|Any CPU
		{4B803C46-8F2D-40FF-AAEE-E4D293884718}.Ad-Hoc|ARM.Deploy.0 = Debug|Any CPU
		{4B803C46-8F2D-40FF-AAEE-E4D293884718}.Ad-Hoc|iPhone.ActiveCfg = Debug|Any CPU
		{4B803C46-8F2D-40FF-AAEE-E4D293884718}.Ad-Hoc|iPhone.Build.0 = Debug|Any CPU
		{4B803C46-8F2D-40FF-AAEE-E4D293884718}.Ad-Hoc|iPhone.Deploy.0 = Debug|Any CPU
		{4B803C46-8F2D-40FF-AAEE-E4D293884718}.Ad-Hoc|iPhoneSimulator.ActiveCfg = Debug|Any CPU
		{4B803C46-8F2D-40FF-AAEE-E4D293884718}.Ad-Hoc|iPhoneSimulator.Build.0 = Debug|Any CPU
		{4B803C46-8F2D-40FF-AAEE-E4D293884718}.Ad-Hoc|iPhoneSimulator.Deploy.0 = Debug|Any CPU
		{4B803C46-8F2D-40FF-AAEE-E4D293884718}.Ad-Hoc|x64.ActiveCfg = Debug|Any CPU
		{4B803C46-8F2D-40FF-AAEE-E4D293884718}.Ad-Hoc|x64.Build.0 = Debug|Any CPU
		{4B803C46-8F2D-40FF-AAEE-E4D293884718}.Ad-Hoc|x64.Deploy.0 = Debug|Any CPU
		{4B803C46-8F2D-40FF-AAEE-E4D293884718}.Ad-Hoc|x86.ActiveCfg = Debug|Any CPU
		{4B803C46-8F2D-40FF-AAEE-E4D293884718}.Ad-Hoc|x86.Build.0 = Debug|Any CPU
		{4B803C46-8F2D-40FF-AAEE-E4D293884718}.Ad-Hoc|x86.Deploy.0 = Debug|Any CPU
		{4B803C46-8F2D-40FF-AAEE-E4D293884718}.AppStore|Any CPU.ActiveCfg = Debug|Any CPU
		{4B803C46-8F2D-40FF-AAEE-E4D293884718}.AppStore|Any CPU.Build.0 = Debug|Any CPU
		{4B803C46-8F2D-40FF-AAEE-E4D293884718}.AppStore|Any CPU.Deploy.0 = Debug|Any CPU
		{4B803C46-8F2D-40FF-AAEE-E4D293884718}.AppStore|ARM.ActiveCfg = Debug|Any CPU
		{4B803C46-8F2D-40FF-AAEE-E4D293884718}.AppStore|ARM.Build.0 = Debug|Any CPU
		{4B803C46-8F2D-40FF-AAEE-E4D293884718}.AppStore|ARM.Deploy.0 = Debug|Any CPU
		{4B803C46-8F2D-40FF-AAEE-E4D293884718}.AppStore|iPhone.ActiveCfg = Debug|Any CPU
		{4B803C46-8F2D-40FF-AAEE-E4D293884718}.AppStore|iPhone.Build.0 = Debug|Any CPU
		{4B803C46-8F2D-40FF-AAEE-E4D293884718}.AppStore|iPhone.Deploy.0 = Debug|Any CPU
		{4B803C46-8F2D-40FF-AAEE-E4D293884718}.AppStore|iPhoneSimulator.ActiveCfg = Debug|Any CPU
		{4B803C46-8F2D-40FF-AAEE-E4D293884718}.AppStore|iPhoneSimulator.Build.0 = Debug|Any CPU
		{4B803C46-8F2D-40FF-AAEE-E4D293884718}.AppStore|iPhoneSimulator.Deploy.0 = Debug|Any CPU
		{4B803C46-8F2D-40FF-AAEE-E4D293884718}.AppStore|x64.ActiveCfg = Debug|Any CPU
		{4B803C46-8F2D-40FF-AAEE-E4D293884718}.AppStore|x64.Build.0 = Debug|Any CPU
		{4B803C46-8F2D-40FF-AAEE-E4D293884718}.AppStore|x64.Deploy.0 = Debug|Any CPU
		{4B803C46-8F2D-40FF-AAEE-E4D293884718}.AppStore|x86.ActiveCfg = Debug|Any CPU
		{4B803C46-8F2D-40FF-AAEE-E4D293884718}.AppStore|x86.Build.0 = Debug|Any CPU
		{4B803C46-8F2D-40FF-AAEE-E4D293884718}.AppStore|x86.Deploy.0 = Debug|Any CPU
		{4B803C46-8F2D-40FF-AAEE-E4D293884718}.Debug|Any CPU.ActiveCfg = Debug|Any CPU
		{4B803C46-8F2D-40FF-AAEE-E4D293884718}.Debug|Any CPU.Build.0 = Debug|Any CPU
		{4B803C46-8F2D-40FF-AAEE-E4D293884718}.Debug|Any CPU.Deploy.0 = Debug|Any CPU
		{4B803C46-8F2D-40FF-AAEE-E4D293884718}.Debug|ARM.ActiveCfg = Debug|Any CPU
		{4B803C46-8F2D-40FF-AAEE-E4D293884718}.Debug|ARM.Build.0 = Debug|Any CPU
		{4B803C46-8F2D-40FF-AAEE-E4D293884718}.Debug|ARM.Deploy.0 = Debug|Any CPU
		{4B803C46-8F2D-40FF-AAEE-E4D293884718}.Debug|iPhone.ActiveCfg = Debug|Any CPU
		{4B803C46-8F2D-40FF-AAEE-E4D293884718}.Debug|iPhone.Build.0 = Debug|Any CPU
		{4B803C46-8F2D-40FF-AAEE-E4D293884718}.Debug|iPhone.Deploy.0 = Debug|Any CPU
		{4B803C46-8F2D-40FF-AAEE-E4D293884718}.Debug|iPhoneSimulator.ActiveCfg = Debug|Any CPU
		{4B803C46-8F2D-40FF-AAEE-E4D293884718}.Debug|iPhoneSimulator.Build.0 = Debug|Any CPU
		{4B803C46-8F2D-40FF-AAEE-E4D293884718}.Debug|iPhoneSimulator.Deploy.0 = Debug|Any CPU
		{4B803C46-8F2D-40FF-AAEE-E4D293884718}.Debug|x64.ActiveCfg = Debug|Any CPU
		{4B803C46-8F2D-40FF-AAEE-E4D293884718}.Debug|x64.Build.0 = Debug|Any CPU
		{4B803C46-8F2D-40FF-AAEE-E4D293884718}.Debug|x64.Deploy.0 = Debug|Any CPU
		{4B803C46-8F2D-40FF-AAEE-E4D293884718}.Debug|x86.ActiveCfg = Debug|Any CPU
		{4B803C46-8F2D-40FF-AAEE-E4D293884718}.Debug|x86.Build.0 = Debug|Any CPU
		{4B803C46-8F2D-40FF-AAEE-E4D293884718}.Debug|x86.Deploy.0 = Debug|Any CPU
		{4B803C46-8F2D-40FF-AAEE-E4D293884718}.Release|Any CPU.ActiveCfg = Release|Any CPU
		{4B803C46-8F2D-40FF-AAEE-E4D293884718}.Release|Any CPU.Build.0 = Release|Any CPU
		{4B803C46-8F2D-40FF-AAEE-E4D293884718}.Release|Any CPU.Deploy.0 = Release|Any CPU
		{4B803C46-8F2D-40FF-AAEE-E4D293884718}.Release|ARM.ActiveCfg = Release|Any CPU
		{4B803C46-8F2D-40FF-AAEE-E4D293884718}.Release|ARM.Build.0 = Release|Any CPU
		{4B803C46-8F2D-40FF-AAEE-E4D293884718}.Release|ARM.Deploy.0 = Release|Any CPU
		{4B803C46-8F2D-40FF-AAEE-E4D293884718}.Release|iPhone.ActiveCfg = Release|Any CPU
		{4B803C46-8F2D-40FF-AAEE-E4D293884718}.Release|iPhone.Build.0 = Release|Any CPU
		{4B803C46-8F2D-40FF-AAEE-E4D293884718}.Release|iPhone.Deploy.0 = Release|Any CPU
		{4B803C46-8F2D-40FF-AAEE-E4D293884718}.Release|iPhoneSimulator.ActiveCfg = Release|Any CPU
		{4B803C46-8F2D-40FF-AAEE-E4D293884718}.Release|iPhoneSimulator.Build.0 = Release|Any CPU
		{4B803C46-8F2D-40FF-AAEE-E4D293884718}.Release|iPhoneSimulator.Deploy.0 = Release|Any CPU
		{4B803C46-8F2D-40FF-AAEE-E4D293884718}.Release|x64.ActiveCfg = Release|Any CPU
		{4B803C46-8F2D-40FF-AAEE-E4D293884718}.Release|x64.Build.0 = Release|Any CPU
		{4B803C46-8F2D-40FF-AAEE-E4D293884718}.Release|x64.Deploy.0 = Release|Any CPU
		{4B803C46-8F2D-40FF-AAEE-E4D293884718}.Release|x86.ActiveCfg = Release|Any CPU
		{4B803C46-8F2D-40FF-AAEE-E4D293884718}.Release|x86.Build.0 = Release|Any CPU
		{4B803C46-8F2D-40FF-AAEE-E4D293884718}.Release|x86.Deploy.0 = Release|Any CPU
	EndGlobalSection
	GlobalSection(SolutionProperties) = preSolution
		HideSolutionNode = FALSE
	EndGlobalSection
	GlobalSection(ExtensibilityGlobals) = postSolution
		SolutionGuid = {E78A64A5-CB91-492A-8A04-3F9F32006666}
	EndGlobalSection
EndGlobal
